
Microsoft Visual Studio Solution File, Format Version 12.00
# Visual Studio Version 17
Project("{2150E333-8FDC-42A3-9474-1A3956D46DE8}") = "CMakePredefinedTargets", "CMakePredefinedTargets", "{68B39336-A9B6-3323-8C99-92F4ECB59F09}"
EndProject
Project("{2150E333-8FDC-42A3-9474-1A3956D46DE8}") = "External", "External", "{3C4B7813-35B4-3963-83CB-F9F6FB51796A}"
EndProject
Project("{2150E333-8FDC-42A3-9474-1A3956D46DE8}") = "Internal", "Internal", "{725233FE-86B5-3118-A99B-AB7D000244D5}"
EndProject
Project("{2150E333-8FDC-42A3-9474-1A3956D46DE8}") = "Utils", "Utils", "{5279BF32-0CB7-3B1A-9758-775EF53D76CA}"
EndProject
Project("{8BC9CEB8-8B4A-11D0-8D11-00A0C91BC942}") = "ALL_BUILD", "ALL_BUILD.vcxproj", "{D311775B-88D7-3D99-A633-2442B2BB22B1}"
	ProjectSection(ProjectDependencies) = postProject
		{63F05779-B26F-3443-99A2-9E9E8718260C} = {63F05779-B26F-3443-99A2-9E9E8718260C}
		{B2276955-876A-3550-8CA6-08D83F674FB9} = {B2276955-876A-3550-8CA6-08D83F674FB9}
		{A86E2006-7868-3F1A-BFE1-E515408503DD} = {A86E2006-7868-3F1A-BFE1-E515408503DD}
		{13458D2E-B4E4-3FA0-B958-BD59F447E728} = {13458D2E-B4E4-3FA0-B958-BD59F447E728}
		{3C0D68C1-9112-3017-963A-852075D83532} = {3C0D68C1-9112-3017-963A-852075D83532}
		{7000E88C-37D9-3170-908F-4232BBCFBA61} = {7000E88C-37D9-3170-908F-4232BBCFBA61}
		{EB3B5C4A-9C29-3B64-85BC-1372C394BBA9} = {EB3B5C4A-9C29-3B64-85BC-1372C394BBA9}
		{42E7AB0D-2FC8-3299-98E9-CBA1309A1AC9} = {42E7AB0D-2FC8-3299-98E9-CBA1309A1AC9}
		{3E94ED0E-7347-3D71-938A-DCB8F6AB61EE} = {3E94ED0E-7347-3D71-938A-DCB8F6AB61EE}
		{1DAD7FAA-5948-3ACF-BCD6-7FEE40DD9AC6} = {1DAD7FAA-5948-3ACF-BCD6-7FEE40DD9AC6}
		{7D99F0CF-3ABD-38B4-98DA-C0FBE9DEDE90} = {7D99F0CF-3ABD-38B4-98DA-C0FBE9DEDE90}
		{5A0A084F-E9ED-3854-8FA6-A66A771E7D4C} = {5A0A084F-E9ED-3854-8FA6-A66A771E7D4C}
		{DDEDED9C-DD3C-3D68-82A7-E141C28CF9CC} = {DDEDED9C-DD3C-3D68-82A7-E141C28CF9CC}
		{BF16DA7A-D452-3482-88BB-4094060E8AD7} = {BF16DA7A-D452-3482-88BB-4094060E8AD7}
		{3C29680F-3E85-3EF2-8AF7-BD1A0ECA36C7} = {3C29680F-3E85-3EF2-8AF7-BD1A0ECA36C7}
	EndProjectSection
EndProject
Project("{8BC9CEB8-8B4A-11D0-8D11-00A0C91BC942}") = "AABOMB", "AABOMB.vcxproj", "{63F05779-B26F-3443-99A2-9E9E8718260C}"
	ProjectSection(ProjectDependencies) = postProject
		{B2276955-876A-3550-8CA6-08D83F674FB9} = {B2276955-876A-3550-8CA6-08D83F674FB9}
		{A86E2006-7868-3F1A-BFE1-E515408503DD} = {A86E2006-7868-3F1A-BFE1-E515408503DD}
		{13458D2E-B4E4-3FA0-B958-BD59F447E728} = {13458D2E-B4E4-3FA0-B958-BD59F447E728}
		{3C0D68C1-9112-3017-963A-852075D83532} = {3C0D68C1-9112-3017-963A-852075D83532}
		{7000E88C-37D9-3170-908F-4232BBCFBA61} = {7000E88C-37D9-3170-908F-4232BBCFBA61}
		{EB3B5C4A-9C29-3B64-85BC-1372C394BBA9} = {EB3B5C4A-9C29-3B64-85BC-1372C394BBA9}
		{42E7AB0D-2FC8-3299-98E9-CBA1309A1AC9} = {42E7AB0D-2FC8-3299-98E9-CBA1309A1AC9}
		{3E94ED0E-7347-3D71-938A-DCB8F6AB61EE} = {3E94ED0E-7347-3D71-938A-DCB8F6AB61EE}
		{1DAD7FAA-5948-3ACF-BCD6-7FEE40DD9AC6} = {1DAD7FAA-5948-3ACF-BCD6-7FEE40DD9AC6}
		{7D99F0CF-3ABD-38B4-98DA-C0FBE9DEDE90} = {7D99F0CF-3ABD-38B4-98DA-C0FBE9DEDE90}
		{5A0A084F-E9ED-3854-8FA6-A66A771E7D4C} = {5A0A084F-E9ED-3854-8FA6-A66A771E7D4C}
		{DDEDED9C-DD3C-3D68-82A7-E141C28CF9CC} = {DDEDED9C-DD3C-3D68-82A7-E141C28CF9CC}
		{BF16DA7A-D452-3482-88BB-4094060E8AD7} = {BF16DA7A-D452-3482-88BB-4094060E8AD7}
		{3C29680F-3E85-3EF2-8AF7-BD1A0ECA36C7} = {3C29680F-3E85-3EF2-8AF7-BD1A0ECA36C7}
	EndProjectSection
EndProject
Project("{8BC9CEB8-8B4A-11D0-8D11-00A0C91BC942}") = "SYNC_RESOURCE-AABOMB", "SYNC_RESOURCE-AABOMB.vcxproj", "{B2276955-876A-3550-8CA6-08D83F674FB9}"
	ProjectSection(ProjectDependencies) = postProject
		{A86E2006-7868-3F1A-BFE1-E515408503DD} = {A86E2006-7868-3F1A-BFE1-E515408503DD}
	EndProjectSection
EndProject
Project("{8BC9CEB8-8B4A-11D0-8D11-00A0C91BC942}") = "ZERO_CHECK", "ZERO_CHECK.vcxproj", "{A86E2006-7868-3F1A-BFE1-E515408503DD}"
	ProjectSection(ProjectDependencies) = postProject
	EndProjectSection
EndProject
Project("{8BC9CEB8-8B4A-11D0-8D11-00A0C91BC942}") = "cocos2d", "engine\cocos\core\cocos2d.vcxproj", "{13458D2E-B4E4-3FA0-B958-BD59F447E728}"
	ProjectSection(ProjectDependencies) = postProject
		{A86E2006-7868-3F1A-BFE1-E515408503DD} = {A86E2006-7868-3F1A-BFE1-E515408503DD}
		{3C0D68C1-9112-3017-963A-852075D83532} = {3C0D68C1-9112-3017-963A-852075D83532}
		{7000E88C-37D9-3170-908F-4232BBCFBA61} = {7000E88C-37D9-3170-908F-4232BBCFBA61}
		{EB3B5C4A-9C29-3B64-85BC-1372C394BBA9} = {EB3B5C4A-9C29-3B64-85BC-1372C394BBA9}
		{42E7AB0D-2FC8-3299-98E9-CBA1309A1AC9} = {42E7AB0D-2FC8-3299-98E9-CBA1309A1AC9}
		{3E94ED0E-7347-3D71-938A-DCB8F6AB61EE} = {3E94ED0E-7347-3D71-938A-DCB8F6AB61EE}
		{1DAD7FAA-5948-3ACF-BCD6-7FEE40DD9AC6} = {1DAD7FAA-5948-3ACF-BCD6-7FEE40DD9AC6}
		{7D99F0CF-3ABD-38B4-98DA-C0FBE9DEDE90} = {7D99F0CF-3ABD-38B4-98DA-C0FBE9DEDE90}
		{5A0A084F-E9ED-3854-8FA6-A66A771E7D4C} = {5A0A084F-E9ED-3854-8FA6-A66A771E7D4C}
		{DDEDED9C-DD3C-3D68-82A7-E141C28CF9CC} = {DDEDED9C-DD3C-3D68-82A7-E141C28CF9CC}
		{BF16DA7A-D452-3482-88BB-4094060E8AD7} = {BF16DA7A-D452-3482-88BB-4094060E8AD7}
		{3C29680F-3E85-3EF2-8AF7-BD1A0ECA36C7} = {3C29680F-3E85-3EF2-8AF7-BD1A0ECA36C7}
	EndProjectSection
EndProject
Project("{8BC9CEB8-8B4A-11D0-8D11-00A0C91BC942}") = "ext_clipper", "engine\external\clipper\ext_clipper.vcxproj", "{3C0D68C1-9112-3017-963A-852075D83532}"
	ProjectSection(ProjectDependencies) = postProject
		{A86E2006-7868-3F1A-BFE1-E515408503DD} = {A86E2006-7868-3F1A-BFE1-E515408503DD}
	EndProjectSection
EndProject
Project("{8BC9CEB8-8B4A-11D0-8D11-00A0C91BC942}") = "ext_convertUTF", "engine\external\ConvertUTF\ext_convertUTF.vcxproj", "{7000E88C-37D9-3170-908F-4232BBCFBA61}"
	ProjectSection(ProjectDependencies) = postProject
		{A86E2006-7868-3F1A-BFE1-E515408503DD} = {A86E2006-7868-3F1A-BFE1-E515408503DD}
	EndProjectSection
EndProject
Project("{8BC9CEB8-8B4A-11D0-8D11-00A0C91BC942}") = "ext_edtaa3func", "engine\external\edtaa3func\ext_edtaa3func.vcxproj", "{EB3B5C4A-9C29-3B64-85BC-1372C394BBA9}"
	ProjectSection(ProjectDependencies) = postProject
		{A86E2006-7868-3F1A-BFE1-E515408503DD} = {A86E2006-7868-3F1A-BFE1-E515408503DD}
	EndProjectSection
EndProject
Project("{8BC9CEB8-8B4A-11D0-8D11-00A0C91BC942}") = "ext_md5", "engine\external\md5\ext_md5.vcxproj", "{42E7AB0D-2FC8-3299-98E9-CBA1309A1AC9}"
	ProjectSection(ProjectDependencies) = postProject
		{A86E2006-7868-3F1A-BFE1-E515408503DD} = {A86E2006-7868-3F1A-BFE1-E515408503DD}
	EndProjectSection
EndProject
Project("{8BC9CEB8-8B4A-11D0-8D11-00A0C91BC942}") = "ext_poly2tri", "engine\external\poly2tri\ext_poly2tri.vcxproj", "{3E94ED0E-7347-3D71-938A-DCB8F6AB61EE}"
	ProjectSection(ProjectDependencies) = postProject
		{A86E2006-7868-3F1A-BFE1-E515408503DD} = {A86E2006-7868-3F1A-BFE1-E515408503DD}
	EndProjectSection
EndProject
Project("{8BC9CEB8-8B4A-11D0-8D11-00A0C91BC942}") = "ext_recast", "engine\external\recast\ext_recast.vcxproj", "{1DAD7FAA-5948-3ACF-BCD6-7FEE40DD9AC6}"
	ProjectSection(ProjectDependencies) = postProject
		{A86E2006-7868-3F1A-BFE1-E515408503DD} = {A86E2006-7868-3F1A-BFE1-E515408503DD}
	EndProjectSection
EndProject
Project("{8BC9CEB8-8B4A-11D0-8D11-00A0C91BC942}") = "ext_tinyxml2", "engine\external\tinyxml2\ext_tinyxml2.vcxproj", "{7D99F0CF-3ABD-38B4-98DA-C0FBE9DEDE90}"
	ProjectSection(ProjectDependencies) = postProject
		{A86E2006-7868-3F1A-BFE1-E515408503DD} = {A86E2006-7868-3F1A-BFE1-E515408503DD}
	EndProjectSection
EndProject
Project("{8BC9CEB8-8B4A-11D0-8D11-00A0C91BC942}") = "ext_unzip", "engine\external\unzip\ext_unzip.vcxproj", "{5A0A084F-E9ED-3854-8FA6-A66A771E7D4C}"
	ProjectSection(ProjectDependencies) = postProject
		{A86E2006-7868-3F1A-BFE1-E515408503DD} = {A86E2006-7868-3F1A-BFE1-E515408503DD}
	EndProjectSection
EndProject
Project("{8BC9CEB8-8B4A-11D0-8D11-00A0C91BC942}") = "ext_xxhash", "engine\external\xxhash\ext_xxhash.vcxproj", "{DDEDED9C-DD3C-3D68-82A7-E141C28CF9CC}"
	ProjectSection(ProjectDependencies) = postProject
		{A86E2006-7868-3F1A-BFE1-E515408503DD} = {A86E2006-7868-3F1A-BFE1-E515408503DD}
	EndProjectSection
EndProject
Project("{8BC9CEB8-8B4A-11D0-8D11-00A0C91BC942}") = "ext_xxtea", "engine\external\xxtea\ext_xxtea.vcxproj", "{BF16DA7A-D452-3482-88BB-4094060E8AD7}"
	ProjectSection(ProjectDependencies) = postProject
		{A86E2006-7868-3F1A-BFE1-E515408503DD} = {A86E2006-7868-3F1A-BFE1-E515408503DD}
	EndProjectSection
EndProject
Project("{8BC9CEB8-8B4A-11D0-8D11-00A0C91BC942}") = "external", "engine\external\external.vcxproj", "{3C29680F-3E85-3EF2-8AF7-BD1A0ECA36C7}"
	ProjectSection(ProjectDependencies) = postProject
		{A86E2006-7868-3F1A-BFE1-E515408503DD} = {A86E2006-7868-3F1A-BFE1-E515408503DD}
		{3C0D68C1-9112-3017-963A-852075D83532} = {3C0D68C1-9112-3017-963A-852075D83532}
		{7000E88C-37D9-3170-908F-4232BBCFBA61} = {7000E88C-37D9-3170-908F-4232BBCFBA61}
		{EB3B5C4A-9C29-3B64-85BC-1372C394BBA9} = {EB3B5C4A-9C29-3B64-85BC-1372C394BBA9}
		{42E7AB0D-2FC8-3299-98E9-CBA1309A1AC9} = {42E7AB0D-2FC8-3299-98E9-CBA1309A1AC9}
		{3E94ED0E-7347-3D71-938A-DCB8F6AB61EE} = {3E94ED0E-7347-3D71-938A-DCB8F6AB61EE}
		{1DAD7FAA-5948-3ACF-BCD6-7FEE40DD9AC6} = {1DAD7FAA-5948-3ACF-BCD6-7FEE40DD9AC6}
		{7D99F0CF-3ABD-38B4-98DA-C0FBE9DEDE90} = {7D99F0CF-3ABD-38B4-98DA-C0FBE9DEDE90}
		{5A0A084F-E9ED-3854-8FA6-A66A771E7D4C} = {5A0A084F-E9ED-3854-8FA6-A66A771E7D4C}
		{DDEDED9C-DD3C-3D68-82A7-E141C28CF9CC} = {DDEDED9C-DD3C-3D68-82A7-E141C28CF9CC}
		{BF16DA7A-D452-3482-88BB-4094060E8AD7} = {BF16DA7A-D452-3482-88BB-4094060E8AD7}
	EndProjectSection
EndProject
Global
	GlobalSection(SolutionConfigurationPlatforms) = preSolution
		Debug|win32 = Debug|win32
		Release|win32 = Release|win32
		MinSizeRel|win32 = MinSizeRel|win32
		RelWithDebInfo|win32 = RelWithDebInfo|win32
	EndGlobalSection
	GlobalSection(ProjectConfigurationPlatforms) = postSolution
		{D311775B-88D7-3D99-A633-2442B2BB22B1}.Debug|win32.ActiveCfg = Debug|win32
		{D311775B-88D7-3D99-A633-2442B2BB22B1}.Release|win32.ActiveCfg = Release|win32
		{D311775B-88D7-3D99-A633-2442B2BB22B1}.MinSizeRel|win32.ActiveCfg = MinSizeRel|win32
		{D311775B-88D7-3D99-A633-2442B2BB22B1}.RelWithDebInfo|win32.ActiveCfg = RelWithDebInfo|win32
		{63F05779-B26F-3443-99A2-9E9E8718260C}.Debug|win32.ActiveCfg = Debug|win32
		{63F05779-B26F-3443-99A2-9E9E8718260C}.Debug|win32.Build.0 = Debug|win32
		{63F05779-B26F-3443-99A2-9E9E8718260C}.Release|win32.ActiveCfg = Release|win32
		{63F05779-B26F-3443-99A2-9E9E8718260C}.Release|win32.Build.0 = Release|win32
		{63F05779-B26F-3443-99A2-9E9E8718260C}.MinSizeRel|win32.ActiveCfg = MinSizeRel|win32
		{63F05779-B26F-3443-99A2-9E9E8718260C}.MinSizeRel|win32.Build.0 = MinSizeRel|win32
		{63F05779-B26F-3443-99A2-9E9E8718260C}.RelWithDebInfo|win32.ActiveCfg = RelWithDebInfo|win32
		{63F05779-B26F-3443-99A2-9E9E8718260C}.RelWithDebInfo|win32.Build.0 = RelWithDebInfo|win32
		{B2276955-876A-3550-8CA6-08D83F674FB9}.Debug|win32.ActiveCfg = Debug|win32
		{B2276955-876A-3550-8CA6-08D83F674FB9}.Debug|win32.Build.0 = Debug|win32
		{B2276955-876A-3550-8CA6-08D83F674FB9}.Release|win32.ActiveCfg = Release|win32
		{B2276955-876A-3550-8CA6-08D83F674FB9}.Release|win32.Build.0 = Release|win32
		{B2276955-876A-3550-8CA6-08D83F674FB9}.MinSizeRel|win32.ActiveCfg = MinSizeRel|win32
		{B2276955-876A-3550-8CA6-08D83F674FB9}.MinSizeRel|win32.Build.0 = MinSizeRel|win32
		{B2276955-876A-3550-8CA6-08D83F674FB9}.RelWithDebInfo|win32.ActiveCfg = RelWithDebInfo|win32
		{B2276955-876A-3550-8CA6-08D83F674FB9}.RelWithDebInfo|win32.Build.0 = RelWithDebInfo|win32
		{A86E2006-7868-3F1A-BFE1-E515408503DD}.Debug|win32.ActiveCfg = Debug|win32
		{A86E2006-7868-3F1A-BFE1-E515408503DD}.Debug|win32.Build.0 = Debug|win32
		{A86E2006-7868-3F1A-BFE1-E515408503DD}.Release|win32.ActiveCfg = Release|win32
		{A86E2006-7868-3F1A-BFE1-E515408503DD}.Release|win32.Build.0 = Release|win32
		{A86E2006-7868-3F1A-BFE1-E515408503DD}.MinSizeRel|win32.ActiveCfg = MinSizeRel|win32
		{A86E2006-7868-3F1A-BFE1-E515408503DD}.MinSizeRel|win32.Build.0 = MinSizeRel|win32
		{A86E2006-7868-3F1A-BFE1-E515408503DD}.RelWithDebInfo|win32.ActiveCfg = RelWithDebInfo|win32
		{A86E2006-7868-3F1A-BFE1-E515408503DD}.RelWithDebInfo|win32.Build.0 = RelWithDebInfo|win32
		{13458D2E-B4E4-3FA0-B958-BD59F447E728}.Debug|win32.ActiveCfg = Debug|win32
		{13458D2E-B4E4-3FA0-B958-BD59F447E728}.Debug|win32.Build.0 = Debug|win32
		{13458D2E-B4E4-3FA0-B958-BD59F447E728}.Release|win32.ActiveCfg = Release|win32
		{13458D2E-B4E4-3FA0-B958-BD59F447E728}.Release|win32.Build.0 = Release|win32
		{13458D2E-B4E4-3FA0-B958-BD59F447E728}.MinSizeRel|win32.ActiveCfg = MinSizeRel|win32
		{13458D2E-B4E4-3FA0-B958-BD59F447E728}.MinSizeRel|win32.Build.0 = MinSizeRel|win32
		{13458D2E-B4E4-3FA0-B958-BD59F447E728}.RelWithDebInfo|win32.ActiveCfg = RelWithDebInfo|win32
		{13458D2E-B4E4-3FA0-B958-BD59F447E728}.RelWithDebInfo|win32.Build.0 = RelWithDebInfo|win32
		{3C0D68C1-9112-3017-963A-852075D83532}.Debug|win32.ActiveCfg = Debug|win32
		{3C0D68C1-9112-3017-963A-852075D83532}.Debug|win32.Build.0 = Debug|win32
		{3C0D68C1-9112-3017-963A-852075D83532}.Release|win32.ActiveCfg = Release|win32
		{3C0D68C1-9112-3017-963A-852075D83532}.Release|win32.Build.0 = Release|win32
		{3C0D68C1-9112-3017-963A-852075D83532}.MinSizeRel|win32.ActiveCfg = MinSizeRel|win32
		{3C0D68C1-9112-3017-963A-852075D83532}.MinSizeRel|win32.Build.0 = MinSizeRel|win32
		{3C0D68C1-9112-3017-963A-852075D83532}.RelWithDebInfo|win32.ActiveCfg = RelWithDebInfo|win32
		{3C0D68C1-9112-3017-963A-852075D83532}.RelWithDebInfo|win32.Build.0 = RelWithDebInfo|win32
		{7000E88C-37D9-3170-908F-4232BBCFBA61}.Debug|win32.ActiveCfg = Debug|win32
		{7000E88C-37D9-3170-908F-4232BBCFBA61}.Debug|win32.Build.0 = Debug|win32
		{7000E88C-37D9-3170-908F-4232BBCFBA61}.Release|win32.ActiveCfg = Release|win32
		{7000E88C-37D9-3170-908F-4232BBCFBA61}.Release|win32.Build.0 = Release|win32
		{7000E88C-37D9-3170-908F-4232BBCFBA61}.MinSizeRel|win32.ActiveCfg = MinSizeRel|win32
		{7000E88C-37D9-3170-908F-4232BBCFBA61}.MinSizeRel|win32.Build.0 = MinSizeRel|win32
		{7000E88C-37D9-3170-908F-4232BBCFBA61}.RelWithDebInfo|win32.ActiveCfg = RelWithDebInfo|win32
		{7000E88C-37D9-3170-908F-4232BBCFBA61}.RelWithDebInfo|win32.Build.0 = RelWithDebInfo|win32
		{EB3B5C4A-9C29-3B64-85BC-1372C394BBA9}.Debug|win32.ActiveCfg = Debug|win32
		{EB3B5C4A-9C29-3B64-85BC-1372C394BBA9}.Debug|win32.Build.0 = Debug|win32
		{EB3B5C4A-9C29-3B64-85BC-1372C394BBA9}.Release|win32.ActiveCfg = Release|win32
		{EB3B5C4A-9C29-3B64-85BC-1372C394BBA9}.Release|win32.Build.0 = Release|win32
		{EB3B5C4A-9C29-3B64-85BC-1372C394BBA9}.MinSizeRel|win32.ActiveCfg = MinSizeRel|win32
		{EB3B5C4A-9C29-3B64-85BC-1372C394BBA9}.MinSizeRel|win32.Build.0 = MinSizeRel|win32
		{EB3B5C4A-9C29-3B64-85BC-1372C394BBA9}.RelWithDebInfo|win32.ActiveCfg = RelWithDebInfo|win32
		{EB3B5C4A-9C29-3B64-85BC-1372C394BBA9}.RelWithDebInfo|win32.Build.0 = RelWithDebInfo|win32
		{42E7AB0D-2FC8-3299-98E9-CBA1309A1AC9}.Debug|win32.ActiveCfg = Debug|win32
		{42E7AB0D-2FC8-3299-98E9-CBA1309A1AC9}.Debug|win32.Build.0 = Debug|win32
		{42E7AB0D-2FC8-3299-98E9-CBA1309A1AC9}.Release|win32.ActiveCfg = Release|win32
		{42E7AB0D-2FC8-3299-98E9-CBA1309A1AC9}.Release|win32.Build.0 = Release|win32
		{42E7AB0D-2FC8-3299-98E9-CBA1309A1AC9}.MinSizeRel|win32.ActiveCfg = MinSizeRel|win32
		{42E7AB0D-2FC8-3299-98E9-CBA1309A1AC9}.MinSizeRel|win32.Build.0 = MinSizeRel|win32
		{42E7AB0D-2FC8-3299-98E9-CBA1309A1AC9}.RelWithDebInfo|win32.ActiveCfg = RelWithDebInfo|win32
		{42E7AB0D-2FC8-3299-98E9-CBA1309A1AC9}.RelWithDebInfo|win32.Build.0 = RelWithDebInfo|win32
		{3E94ED0E-7347-3D71-938A-DCB8F6AB61EE}.Debug|win32.ActiveCfg = Debug|win32
		{3E94ED0E-7347-3D71-938A-DCB8F6AB61EE}.Debug|win32.Build.0 = Debug|win32
		{3E94ED0E-7347-3D71-938A-DCB8F6AB61EE}.Release|win32.ActiveCfg = Release|win32
		{3E94ED0E-7347-3D71-938A-DCB8F6AB61EE}.Release|win32.Build.0 = Release|win32
		{3E94ED0E-7347-3D71-938A-DCB8F6AB61EE}.MinSizeRel|win32.ActiveCfg = MinSizeRel|win32
		{3E94ED0E-7347-3D71-938A-DCB8F6AB61EE}.MinSizeRel|win32.Build.0 = MinSizeRel|win32
		{3E94ED0E-7347-3D71-938A-DCB8F6AB61EE}.RelWithDebInfo|win32.ActiveCfg = RelWithDebInfo|win32
		{3E94ED0E-7347-3D71-938A-DCB8F6AB61EE}.RelWithDebInfo|win32.Build.0 = RelWithDebInfo|win32
		{1DAD7FAA-5948-3ACF-BCD6-7FEE40DD9AC6}.Debug|win32.ActiveCfg = Debug|win32
		{1DAD7FAA-5948-3ACF-BCD6-7FEE40DD9AC6}.Debug|win32.Build.0 = Debug|win32
		{1DAD7FAA-5948-3ACF-BCD6-7FEE40DD9AC6}.Release|win32.ActiveCfg = Release|win32
		{1DAD7FAA-5948-3ACF-BCD6-7FEE40DD9AC6}.Release|win32.Build.0 = Release|win32
		{1DAD7FAA-5948-3ACF-BCD6-7FEE40DD9AC6}.MinSizeRel|win32.ActiveCfg = MinSizeRel|win32
		{1DAD7FAA-5948-3ACF-BCD6-7FEE40DD9AC6}.MinSizeRel|win32.Build.0 = MinSizeRel|win32
		{1DAD7FAA-5948-3ACF-BCD6-7FEE40DD9AC6}.RelWithDebInfo|win32.ActiveCfg = RelWithDebInfo|win32
		{1DAD7FAA-5948-3ACF-BCD6-7FEE40DD9AC6}.RelWithDebInfo|win32.Build.0 = RelWithDebInfo|win32
		{7D99F0CF-3ABD-38B4-98DA-C0FBE9DEDE90}.Debug|win32.ActiveCfg = Debug|win32
		{7D99F0CF-3ABD-38B4-98DA-C0FBE9DEDE90}.Debug|win32.Build.0 = Debug|win32
		{7D99F0CF-3ABD-38B4-98DA-C0FBE9DEDE90}.Release|win32.ActiveCfg = Release|win32
		{7D99F0CF-3ABD-38B4-98DA-C0FBE9DEDE90}.Release|win32.Build.0 = Release|win32
		{7D99F0CF-3ABD-38B4-98DA-C0FBE9DEDE90}.MinSizeRel|win32.ActiveCfg = MinSizeRel|win32
		{7D99F0CF-3ABD-38B4-98DA-C0FBE9DEDE90}.MinSizeRel|win32.Build.0 = MinSizeRel|win32
		{7D99F0CF-3ABD-38B4-98DA-C0FBE9DEDE90}.RelWithDebInfo|win32.ActiveCfg = RelWithDebInfo|win32
		{7D99F0CF-3ABD-38B4-98DA-C0FBE9DEDE90}.RelWithDebInfo|win32.Build.0 = RelWithDebInfo|win32
		{5A0A084F-E9ED-3854-8FA6-A66A771E7D4C}.Debug|win32.ActiveCfg = Debug|win32
		{5A0A084F-E9ED-3854-8FA6-A66A771E7D4C}.Debug|win32.Build.0 = Debug|win32
		{5A0A084F-E9ED-3854-8FA6-A66A771E7D4C}.Release|win32.ActiveCfg = Release|win32
		{5A0A084F-E9ED-3854-8FA6-A66A771E7D4C}.Release|win32.Build.0 = Release|win32
		{5A0A084F-E9ED-3854-8FA6-A66A771E7D4C}.MinSizeRel|win32.ActiveCfg = MinSizeRel|win32
		{5A0A084F-E9ED-3854-8FA6-A66A771E7D4C}.MinSizeRel|win32.Build.0 = MinSizeRel|win32
		{5A0A084F-E9ED-3854-8FA6-A66A771E7D4C}.RelWithDebInfo|win32.ActiveCfg = RelWithDebInfo|win32
		{5A0A084F-E9ED-3854-8FA6-A66A771E7D4C}.RelWithDebInfo|win32.Build.0 = RelWithDebInfo|win32
		{DDEDED9C-DD3C-3D68-82A7-E141C28CF9CC}.Debug|win32.ActiveCfg = Debug|win32
		{DDEDED9C-DD3C-3D68-82A7-E141C28CF9CC}.Debug|win32.Build.0 = Debug|win32
		{DDEDED9C-DD3C-3D68-82A7-E141C28CF9CC}.Release|win32.ActiveCfg = Release|win32
		{DDEDED9C-DD3C-3D68-82A7-E141C28CF9CC}.Release|win32.Build.0 = Release|win32
		{DDEDED9C-DD3C-3D68-82A7-E141C28CF9CC}.MinSizeRel|win32.ActiveCfg = MinSizeRel|win32
		{DDEDED9C-DD3C-3D68-82A7-E141C28CF9CC}.MinSizeRel|win32.Build.0 = MinSizeRel|win32
		{DDEDED9C-DD3C-3D68-82A7-E141C28CF9CC}.RelWithDebInfo|win32.ActiveCfg = RelWithDebInfo|win32
		{DDEDED9C-DD3C-3D68-82A7-E141C28CF9CC}.RelWithDebInfo|win32.Build.0 = RelWithDebInfo|win32
		{BF16DA7A-D452-3482-88BB-4094060E8AD7}.Debug|win32.ActiveCfg = Debug|win32
		{BF16DA7A-D452-3482-88BB-4094060E8AD7}.Debug|win32.Build.0 = Debug|win32
		{BF16DA7A-D452-3482-88BB-4094060E8AD7}.Release|win32.ActiveCfg = Release|win32
		{BF16DA7A-D452-3482-88BB-4094060E8AD7}.Release|win32.Build.0 = Release|win32
		{BF16DA7A-D452-3482-88BB-4094060E8AD7}.MinSizeRel|win32.ActiveCfg = MinSizeRel|win32
		{BF16DA7A-D452-3482-88BB-4094060E8AD7}.MinSizeRel|win32.Build.0 = MinSizeRel|win32
		{BF16DA7A-D452-3482-88BB-4094060E8AD7}.RelWithDebInfo|win32.ActiveCfg = RelWithDebInfo|win32
		{BF16DA7A-D452-3482-88BB-4094060E8AD7}.RelWithDebInfo|win32.Build.0 = RelWithDebInfo|win32
		{3C29680F-3E85-3EF2-8AF7-BD1A0ECA36C7}.Debug|win32.ActiveCfg = Debug|win32
		{3C29680F-3E85-3EF2-8AF7-BD1A0ECA36C7}.Debug|win32.Build.0 = Debug|win32
		{3C29680F-3E85-3EF2-8AF7-BD1A0ECA36C7}.Release|win32.ActiveCfg = Release|win32
		{3C29680F-3E85-3EF2-8AF7-BD1A0ECA36C7}.Release|win32.Build.0 = Release|win32
		{3C29680F-3E85-3EF2-8AF7-BD1A0ECA36C7}.MinSizeRel|win32.ActiveCfg = MinSizeRel|win32
		{3C29680F-3E85-3EF2-8AF7-BD1A0ECA36C7}.MinSizeRel|win32.Build.0 = MinSizeRel|win32
		{3C29680F-3E85-3EF2-8AF7-BD1A0ECA36C7}.RelWithDebInfo|win32.ActiveCfg = RelWithDebInfo|win32
		{3C29680F-3E85-3EF2-8AF7-BD1A0ECA36C7}.RelWithDebInfo|win32.Build.0 = RelWithDebInfo|win32
	EndGlobalSection
	GlobalSection(NestedProjects) = preSolution
		{D311775B-88D7-3D99-A633-2442B2BB22B1} = {68B39336-A9B6-3323-8C99-92F4ECB59F09}
		{A86E2006-7868-3F1A-BFE1-E515408503DD} = {68B39336-A9B6-3323-8C99-92F4ECB59F09}
		{3C0D68C1-9112-3017-963A-852075D83532} = {3C4B7813-35B4-3963-83CB-F9F6FB51796A}
		{7000E88C-37D9-3170-908F-4232BBCFBA61} = {3C4B7813-35B4-3963-83CB-F9F6FB51796A}
		{EB3B5C4A-9C29-3B64-85BC-1372C394BBA9} = {3C4B7813-35B4-3963-83CB-F9F6FB51796A}
		{42E7AB0D-2FC8-3299-98E9-CBA1309A1AC9} = {3C4B7813-35B4-3963-83CB-F9F6FB51796A}
		{3E94ED0E-7347-3D71-938A-DCB8F6AB61EE} = {3C4B7813-35B4-3963-83CB-F9F6FB51796A}
		{1DAD7FAA-5948-3ACF-BCD6-7FEE40DD9AC6} = {3C4B7813-35B4-3963-83CB-F9F6FB51796A}
		{7D99F0CF-3ABD-38B4-98DA-C0FBE9DEDE90} = {3C4B7813-35B4-3963-83CB-F9F6FB51796A}
		{5A0A084F-E9ED-3854-8FA6-A66A771E7D4C} = {3C4B7813-35B4-3963-83CB-F9F6FB51796A}
		{DDEDED9C-DD3C-3D68-82A7-E141C28CF9CC} = {3C4B7813-35B4-3963-83CB-F9F6FB51796A}
		{BF16DA7A-D452-3482-88BB-4094060E8AD7} = {3C4B7813-35B4-3963-83CB-F9F6FB51796A}
		{3C29680F-3E85-3EF2-8AF7-BD1A0ECA36C7} = {3C4B7813-35B4-3963-83CB-F9F6FB51796A}
		{13458D2E-B4E4-3FA0-B958-BD59F447E728} = {725233FE-86B5-3118-A99B-AB7D000244D5}
		{B2276955-876A-3550-8CA6-08D83F674FB9} = {5279BF32-0CB7-3B1A-9758-775EF53D76CA}
	EndGlobalSection
	GlobalSection(ExtensibilityGlobals) = postSolution
		SolutionGuid = {DF30FD1A-49CC-3502-9683-953EBDBC8F3B}
	EndGlobalSection
	GlobalSection(ExtensibilityAddIns) = postSolution
	EndGlobalSection
EndGlobal
